// !$*UTF8*$!
{
	archiveVersion = 1;
	classes = {
	};
	objectVersion = 50;
	objects = {

/* Begin PBXBuildFile section */
		27FBAB812A41DD8100149DE7 /* AppDelegate.swift in Sources */ = {isa = PBXBuildFile; fileRef = 27FBAB802A41DD8100149DE7 /* AppDelegate.swift */; };
		27FBAB832A41DD8100149DE7 /* SceneDelegate.swift in Sources */ = {isa = PBXBuildFile; fileRef = 27FBAB822A41DD8100149DE7 /* SceneDelegate.swift */; };
		27FBAB852A41DD8100149DE7 /* ViewController.swift in Sources */ = {isa = PBXBuildFile; fileRef = 27FBAB842A41DD8100149DE7 /* ViewController.swift */; };
		27FBAB882A41DD8100149DE7 /* Main.storyboard in Resources */ = {isa = PBXBuildFile; fileRef = 27FBAB862A41DD8100149DE7 /* Main.storyboard */; };
		27FBAB8A2A41DD8300149DE7 /* Assets.xcassets in Resources */ = {isa = PBXBuildFile; fileRef = 27FBAB892A41DD8300149DE7 /* Assets.xcassets */; };
		27FBAB8D2A41DD8300149DE7 /* LaunchScreen.storyboard in Resources */ = {isa = PBXBuildFile; fileRef = 27FBAB8B2A41DD8300149DE7 /* LaunchScreen.storyboard */; };
/* End PBXBuildFile section */

/* Begin PBXFileReference section */
		27FBAB7D2A41DD8100149DE7 /* ios-foody.app */ = {isa = PBXFileReference; explicitFileType = wrapper.application; includeInIndex = 0; path = "ios-foody.app"; sourceTree = BUILT_PRODUCTS_DIR; };
		27FBAB802A41DD8100149DE7 /* AppDelegate.swift */ = {isa = PBXFileReference; lastKnownFileType = sourcecode.swift; path = AppDelegate.swift; sourceTree = "<group>"; };
		27FBAB822A41DD8100149DE7 /* SceneDelegate.swift */ = {isa = PBXFileReference; lastKnownFileType = sourcecode.swift; path = SceneDelegate.swift; sourceTree = "<group>"; };
		27FBAB842A41DD8100149DE7 /* ViewController.swift */ = {isa = PBXFileReference; lastKnownFileType = sourcecode.swift; path = ViewController.swift; sourceTree = "<group>"; };
		27FBAB872A41DD8100149DE7 /* Base */ = {isa = PBXFileReference; lastKnownFileType = file.storyboard; name = Base; path = Base.lproj/Main.storyboard; sourceTree = "<group>"; };
		27FBAB892A41DD8300149DE7 /* Assets.xcassets */ = {isa = PBXFileReference; lastKnownFileType = folder.assetcatalog; path = Assets.xcassets; sourceTree = "<group>"; };
		27FBAB8C2A41DD8300149DE7 /* Base */ = {isa = PBXFileReference; lastKnownFileType = file.storyboard; name = Base; path = Base.lproj/LaunchScreen.storyboard; sourceTree = "<group>"; };
		27FBAB8E2A41DD8300149DE7 /* Info.plist */ = {isa = PBXFileReference; lastKnownFileType = text.plist.xml; path = Info.plist; sourceTree = "<group>"; };
/* End PBXFileReference section */

/* Begin PBXFrameworksBuildPhase section */
		27FBAB7A2A41DD8100149DE7 /* Frameworks */ = {
			isa = PBXFrameworksBuildPhase;
			buildActionMask = 2147483647;
			files = (
			);
			runOnlyForDeploymentPostprocessing = 0;
		};
/* End PBXFrameworksBuildPhase section */

/* Begin PBXGroup section */
		27FBAB742A41DD8100149DE7 = {
			isa = PBXGroup;
			children = (
				27FBAB7F2A41DD8100149DE7 /* ios-foody */,
				27FBAB7E2A41DD8100149DE7 /* Products */,
			);
			sourceTree = "<group>";
		};
		27FBAB7E2A41DD8100149DE7 /* Products */ = {
			isa = PBXGroup;
			children = (
				27FBAB7D2A41DD8100149DE7 /* ios-foody.app */,
			);
			name = Products;
			sourceTree = "<group>";
		};
		27FBAB7F2A41DD8100149DE7 /* ios-foody */ = {
			isa = PBXGroup;
			children = (
				27FBAB802A41DD8100149DE7 /* AppDelegate.swift */,
				27FBAB822A41DD8100149DE7 /* SceneDelegate.swift */,
				27FBAB842A41DD8100149DE7 /* ViewController.swift */,
				27FBAB862A41DD8100149DE7 /* Main.storyboard */,
				27FBAB892A41DD8300149DE7 /* Assets.xcassets */,
				27FBAB8B2A41DD8300149DE7 /* LaunchScreen.storyboard */,
				27FBAB8E2A41DD8300149DE7 /* Info.plist */,
			);
			path = "ios-foody";
			sourceTree = "<group>";
		};
/* End PBXGroup section */

/* Begin PBXNativeTarget section */
		27FBAB7C2A41DD8100149DE7 /* ios-foody */ = {
			isa = PBXNativeTarget;
			buildConfigurationList = 27FBAB912A41DD8300149DE7 /* Build configuration list for PBXNativeTarget "ios-foody" */;
			buildPhases = (
				27FBAB792A41DD8100149DE7 /* Sources */,
				27FBAB7A2A41DD8100149DE7 /* Frameworks */,
				27FBAB7B2A41DD8100149DE7 /* Resources */,
			);
			buildRules = (
			);
			dependencies = (
			);
			name = "ios-foody";
			productName = "ios-foody";
			productReference = 27FBAB7D2A41DD8100149DE7 /* ios-foody.app */;
			productType = "com.apple.product-type.application";
		};
/* End PBXNativeTarget section */

/* Begin PBXProject section */
		27FBAB752A41DD8100149DE7 /* Project object */ = {
			isa = PBXProject;
			attributes = {
				LastSwiftUpdateCheck = 1250;
				LastUpgradeCheck = 1250;
				TargetAttributes = {
					27FBAB7C2A41DD8100149DE7 = {
						CreatedOnToolsVersion = 12.5;
					};
				};
			};
			buildConfigurationList = 27FBAB782A41DD8100149DE7 /* Build configuration list for PBXProject "ios-foody" */;
			compatibilityVersion = "Xcode 9.3";
			developmentRegion = en;
			hasScannedForEncodings = 0;
			knownRegions = (
				en,
				Base,
			);
			mainGroup = 27FBAB742A41DD8100149DE7;
			productRefGroup = 27FBAB7E2A41DD8100149DE7 /* Products */;
			projectDirPath = "";
			projectRoot = "";
			targets = (
				27FBAB7C2A41DD8100149DE7 /* ios-foody */,
			);
		};
/* End PBXProject section */

/* Begin PBXResourcesBuildPhase section */
		27FBAB7B2A41DD8100149DE7 /* Resources */ = {
			isa = PBXResourcesBuildPhase;
			buildActionMask = 2147483647;
			files = (
				27FBAB8D2A41DD8300149DE7 /* LaunchScreen.storyboard in Resources */,
				27FBAB8A2A41DD8300149DE7 /* Assets.xcassets in Resources */,
				27FBAB882A41DD8100149DE7 /* Main.storyboard in Resources */,
			);
			runOnlyForDeploymentPostprocessing = 0;
		};
/* End PBXResourcesBuildPhase section */

/* Begin PBXSourcesBuildPhase section */
		27FBAB792A41DD8100149DE7 /* Sources */ = {
			isa = PBXSourcesBuildPhase;
			buildActionMask = 2147483647;
			files = (
				27FBAB852A41DD8100149DE7 /* ViewController.swift in Sources */,
				27FBAB812A41DD8100149DE7 /* AppDelegate.swift in Sources */,
				27FBAB832A41DD8100149DE7 /* SceneDelegate.swift in Sources */,
			);
			runOnlyForDeploymentPostprocessing = 0;
		};
/* End PBXSourcesBuildPhase section */

/* Begin PBXVariantGroup section */
		27FBAB862A41DD8100149DE7 /* Main.storyboard */ = {
			isa = PBXVariantGroup;
			children = (
				27FBAB872A41DD8100149DE7 /* Base */,
			);
			name = Main.storyboard;
			sourceTree = "<group>";
		};
		27FBAB8B2A41DD8300149DE7 /* LaunchScreen.storyboard */ = {
			isa = PBXVariantGroup;
			children = (
				27FBAB8C2A41DD8300149DE7 /* Base */,
			);
			name = LaunchScreen.storyboard;
			sourceTree = "<group>";
		};
/* End PBXVariantGroup section */

/* Begin XCBuildConfiguration section */
		27FBAB8F2A41DD8300149DE7 /* Debug */ = {
			isa = XCBuildConfiguration;
			buildSettings = {
				ALWAYS_SEARCH_USER_PATHS = NO;
				CLANG_ANALYZER_NONNULL = YES;
				CLANG_ANALYZER_NUMBER_OBJECT_CONVERSION = YES_AGGRESSIVE;
				CLANG_CXX_LANGUAGE_STANDARD = "gnu++14";
				CLANG_CXX_LIBRARY = "libc++";
				CLANG_ENABLE_MODULES = YES;
				CLANG_ENABLE_OBJC_ARC = YES;
				CLANG_ENABLE_OBJC_WEAK = YES;
				CLANG_WARN_BLOCK_CAPTURE_AUTORELEASING = YES;
				CLANG_WARN_BOOL_CONVERSION = YES;
				CLANG_WARN_COMMA = YES;
				CLANG_WARN_CONSTANT_CONVERSION = YES;
				CLANG_WARN_DEPRECATED_OBJC_IMPLEMENTATIONS = YES;
				CLANG_WARN_DIRECT_OBJC_ISA_USAGE = YES_ERROR;
				CLANG_WARN_DOCUMENTATION_COMMENTS = YES;
				CLANG_WARN_EMPTY_BODY = YES;
				CLANG_WARN_ENUM_CONVERSION = YES;
				CLANG_WARN_INFINITE_RECURSION = YES;
				CLANG_WARN_INT_CONVERSION = YES;
				CLANG_WARN_NON_LITERAL_NULL_CONVERSION = YES;
				CLANG_WARN_OBJC_IMPLICIT_RETAIN_SELF = YES;
				CLANG_WARN_OBJC_LITERAL_CONVERSION = YES;
				CLANG_WARN_OBJC_ROOT_CLASS = YES_ERROR;
				CLANG_WARN_QUOTED_INCLUDE_IN_FRAMEWORK_HEADER = YES;
				CLANG_WARN_RANGE_LOOP_ANALYSIS = YES;
				CLANG_WARN_STRICT_PROTOTYPES = YES;
				CLANG_WARN_SUSPICIOUS_MOVE = YES;
				CLANG_WARN_UNGUARDED_AVAILABILITY = YES_AGGRESSIVE;
				CLANG_WARN_UNREACHABLE_CODE = YES;
				CLANG_WARN__DUPLICATE_METHOD_MATCH = YES;
				COPY_PHASE_STRIP = NO;
				DEBUG_INFORMATION_FORMAT = dwarf;
				ENABLE_STRICT_OBJC_MSGSEND = YES;
				ENABLE_TESTABILITY = YES;
				GCC_C_LANGUAGE_STANDARD = gnu11;
				GCC_DYNAMIC_NO_PIC = NO;
				GCC_NO_COMMON_BLOCKS = YES;
				GCC_OPTIMIZATION_LEVEL = 0;
				GCC_PREPROCESSOR_DEFINITIONS = (
					"DEBUG=1",
					"$(inherited)",
				);
				GCC_WARN_64_TO_32_BIT_CONVERSION = YES;
				GCC_WARN_ABOUT_RETURN_TYPE = YES_ERROR;
				GCC_WARN_UNDECLARED_SELECTOR = YES;
				GCC_WARN_UNINITIALIZED_AUTOS = YES_AGGRESSIVE;
				GCC_WARN_UNUSED_FUNCTION = YES;
				GCC_WARN_UNUSED_VARIABLE = YES;
				IPHONEOS_DEPLOYMENT_TARGET = 14.5;
				MTL_ENABLE_DEBUG_INFO = INCLUDE_SOURCE;
				MTL_FAST_MATH = YES;
				ONLY_ACTIVE_ARCH = YES;
				SDKROOT = iphoneos;
				SWIFT_ACTIVE_COMPILATION_CONDITIONS = DEBUG;
				SWIFT_OPTIMIZATION_LEVEL = "-Onone";
			};
			name = Debug;
		};
		27FBAB902A41DD8300149DE7 /* Release */ = {
			isa = XCBuildConfiguration;
			buildSettings = {
				ALWAYS_SEARCH_USER_PATHS = NO;
				CLANG_ANALYZER_NONNULL = YES;
				CLANG_ANALYZER_NUMBER_OBJECT_CONVERSION = YES_AGGRESSIVE;
				CLANG_CXX_LANGUAGE_STANDARD = "gnu++14";
				CLANG_CXX_LIBRARY = "libc++";
				CLANG_ENABLE_MODULES = YES;
				CLANG_ENABLE_OBJC_ARC = YES;
				CLANG_ENABLE_OBJC_WEAK = YES;
				CLANG_WARN_BLOCK_CAPTURE_AUTORELEASING = YES;
				CLANG_WARN_BOOL_CONVERSION = YES;
				CLANG_WARN_COMMA = YES;
				CLANG_WARN_CONSTANT_CONVERSION = YES;
				CLANG_WARN_DEPRECATED_OBJC_IMPLEMENTATIONS = YES;
				CLANG_WARN_DIRECT_OBJC_ISA_USAGE = YES_ERROR;
				CLANG_WARN_DOCUMENTATION_COMMENTS = YES;
				CLANG_WARN_EMPTY_BODY = YES;
				CLANG_WARN_ENUM_CONVERSION = YES;
				CLANG_WARN_INFINITE_RECURSION = YES;
				CLANG_WARN_INT_CONVERSION = YES;
				CLANG_WARN_NON_LITERAL_NULL_CONVERSION = YES;
				CLANG_WARN_OBJC_IMPLICIT_RETAIN_SELF = YES;
				CLANG_WARN_OBJC_LITERAL_CONVERSION = YES;
				CLANG_WARN_OBJC_ROOT_CLASS = YES_ERROR;
				CLANG_WARN_QUOTED_INCLUDE_IN_FRAMEWORK_HEADER = YES;
				CLANG_WARN_RANGE_LOOP_ANALYSIS = YES;
				CLANG_WARN_STRICT_PROTOTYPES = YES;
				CLANG_WARN_SUSPICIOUS_MOVE = YES;
				CLANG_WARN_UNGUARDED_AVAILABILITY = YES_AGGRESSIVE;
				CLANG_WARN_UNREACHABLE_CODE = YES;
				CLANG_WARN__DUPLICATE_METHOD_MATCH = YES;
				COPY_PHASE_STRIP = NO;
				DEBUG_INFORMATION_FORMAT = "dwarf-with-dsym";
				ENABLE_NS_ASSERTIONS = NO;
				ENABLE_STRICT_OBJC_MSGSEND = YES;
				GCC_C_LANGUAGE_STANDARD = gnu11;
				GCC_NO_COMMON_BLOCKS = YES;
				GCC_WARN_64_TO_32_BIT_CONVERSION = YES;
				GCC_WARN_ABOUT_RETURN_TYPE = YES_ERROR;
				GCC_WARN_UNDECLARED_SELECTOR = YES;
				GCC_WARN_UNINITIALIZED_AUTOS = YES_AGGRESSIVE;
				GCC_WARN_UNUSED_FUNCTION = YES;
				GCC_WARN_UNUSED_VARIABLE = YES;
				IPHONEOS_DEPLOYMENT_TARGET = 14.5;
				MTL_ENABLE_DEBUG_INFO = NO;
				MTL_FAST_MATH = YES;
				SDKROOT = iphoneos;
				SWIFT_COMPILATION_MODE = wholemodule;
				SWIFT_OPTIMIZATION_LEVEL = "-O";
				VALIDATE_PRODUCT = YES;
			};
			name = Release;
		};
		27FBAB922A41DD8300149DE7 /* Debug */ = {
			isa = XCBuildConfiguration;
			buildSettings = {
				ASSETCATALOG_COMPILER_APPICON_NAME = AppIcon;
				ASSETCATALOG_COMPILER_GLOBAL_ACCENT_COLOR_NAME = AccentColor;
				CODE_SIGN_STYLE = Automatic;
				DEVELOPMENT_TEAM = 35C4JHP588;
				INFOPLIST_FILE = "ios-foody/Info.plist";
				LD_RUNPATH_SEARCH_PATHS = (
					"$(inherited)",
					"@executable_path/Frameworks",
				);
				PRODUCT_BUNDLE_IDENTIFIER = "danielkuo.ios-foody";
				PRODUCT_NAME = "$(TARGET_NAME)";
				SWIFT_VERSION = 5.0;
				TARGETED_DEVICE_FAMILY = "1,2";
			};
			name = Debug;
		};
		27FBAB932A41DD8300149DE7 /* Release */ = {
			isa = XCBuildConfiguration;
			buildSettings = {
				ASSETCATALOG_COMPILER_APPICON_NAME = AppIcon;
				ASSETCATALOG_COMPILER_GLOBAL_ACCENT_COLOR_NAME = AccentColor;
				CODE_SIGN_STYLE = Automatic;
				DEVELOPMENT_TEAM = 35C4JHP588;
				INFOPLIST_FILE = "ios-foody/Info.plist";
				LD_RUNPATH_SEARCH_PATHS = (
					"$(inherited)",
					"@executable_path/Frameworks",
				);
				PRODUCT_BUNDLE_IDENTIFIER = "danielkuo.ios-foody";
				PRODUCT_NAME = "$(TARGET_NAME)";
				SWIFT_VERSION = 5.0;
				TARGETED_DEVICE_FAMILY = "1,2";
			};
			name = Release;
		};
/* End XCBuildConfiguration section */

/* Begin XCConfigurationList section */
		27FBAB782A41DD8100149DE7 /* Build configuration list for PBXProject "ios-foody" */ = {
			isa = XCConfigurationList;
			buildConfigurations = (
				27FBAB8F2A41DD8300149DE7 /* Debug */,
				27FBAB902A41DD8300149DE7 /* Release */,
			);
			defaultConfigurationIsVisible = 0;
			defaultConfigurationName = Release;
		};
		27FBAB912A41DD8300149DE7 /* Build configuration list for PBXNativeTarget "ios-foody" */ = {
			isa = XCConfigurationList;
			buildConfigurations = (
				27FBAB922A41DD8300149DE7 /* Debug */,
				27FBAB932A41DD8300149DE7 /* Release */,
			);
			defaultConfigurationIsVisible = 0;
			defaultConfigurationName = Release;
		};
/* End XCConfigurationList section */
	};
	rootObject = 27FBAB752A41DD8100149DE7 /* Project object */;
}
